
Microsoft Visual Studio Solution File, Format Version 10.00
# Visual Studio 2008
Project("{FAE04EC0-301F-11D3-BF4B-00C04F79EFBC}") = "GitSharp", "GitSharp.csproj", "{2F2C4127-02DA-4679-B4CC-D489445FA7DD}"
EndProject
Global
	GlobalSection(SolutionConfigurationPlatforms) = preSolution
		Debug|Any CPU = Debug|Any CPU
		Release|Any CPU = Release|Any CPU
	EndGlobalSection
	GlobalSection(ProjectConfigurationPlatforms) = postSolution
		{2F2C4127-02DA-4679-B4CC-D489445FA7DD}.Debug|Any CPU.ActiveCfg = Debug|Any CPU
		{2F2C4127-02DA-4679-B4CC-D489445FA7DD}.Debug|Any CPU.Build.0 = Debug|Any CPU
		{2F2C4127-02DA-4679-B4CC-D489445FA7DD}.Release|Any CPU.ActiveCfg = Release|Any CPU
		{2F2C4127-02DA-4679-B4CC-D489445FA7DD}.Release|Any CPU.Build.0 = Release|Any CPU
	EndGlobalSection
	GlobalSection(SolutionProperties) = preSolution
		HideSolutionNode = FALSE
	EndGlobalSection
EndGlobal
